version = 1
revision = 3
requires-python = ">=3.12"

[[package]]
name = "nanobind"
version = "2.12.0"
source = { registry = "https://pypi.org/simple" }
sdist = { url = "https://files.pythonhosted.org/packages/c6/5c/3b69bc3933ad3c3668ba029ad410ba8ecfdc8ee7262ff1009f3304f3c562/nanobind-2.12.0.tar.gz", hash = "sha256:0ae77c1a88f27153fa57045ee00f7b0a7b06b1cd3df942e95a34b38c5d0a5bee", size = 1002704, upload-time = "2026-02-25T09:41:54.691Z" }
wheels = [
    { url = "https://files.pythonhosted.org/packages/5a/bf/1a54e3573736f3ad15fc599c5dde007937234652a1a7efd62573b4ce3a7e/nanobind-2.12.0-py3-none-any.whl", hash = "sha256:a10d3d88e691dcdf22696f9acd893fda3c5a05635763aea238829d274fcad480", size = 249512, upload-time = "2026-02-25T09:41:52.908Z" },
]

[[package]]
name = "pyz80"
version = "2.0.0"
source = { editable = "." }
dependencies = [
    { name = "nanobind" },
]

[package.metadata]
requires-dist = [{ name = "nanobind" }]
